// !$*UTF8*$!
{
	archiveVersion = 1;
	classes = {
	};
	objectVersion = 56;
	objects = {

/* Begin PBXBuildFile section */
		08AE02CC2A5F822900F4C0E4 /* PokeDetailView.storyboard in Resources */ = {isa = PBXBuildFile; fileRef = 08AE02CB2A5F822900F4C0E4 /* PokeDetailView.storyboard */; };
		08AE02CE2A5F872700F4C0E4 /* PokeDetailViewController.swift in Sources */ = {isa = PBXBuildFile; fileRef = 08AE02CD2A5F872600F4C0E4 /* PokeDetailViewController.swift */; };
		08C509B32A5E2B020040E519 /* AppDelegate.swift in Sources */ = {isa = PBXBuildFile; fileRef = 08C509B22A5E2B020040E519 /* AppDelegate.swift */; };
		08C509B52A5E2B020040E519 /* SceneDelegate.swift in Sources */ = {isa = PBXBuildFile; fileRef = 08C509B42A5E2B020040E519 /* SceneDelegate.swift */; };
		08C509B72A5E2B020040E519 /* ViewController.swift in Sources */ = {isa = PBXBuildFile; fileRef = 08C509B62A5E2B020040E519 /* ViewController.swift */; };
		08C509BA2A5E2B030040E519 /* Main.storyboard in Resources */ = {isa = PBXBuildFile; fileRef = 08C509B82A5E2B030040E519 /* Main.storyboard */; };
		08C509BC2A5E2B050040E519 /* Assets.xcassets in Resources */ = {isa = PBXBuildFile; fileRef = 08C509BB2A5E2B050040E519 /* Assets.xcassets */; };
		08C509BF2A5E2B050040E519 /* LaunchScreen.storyboard in Resources */ = {isa = PBXBuildFile; fileRef = 08C509BD2A5E2B050040E519 /* LaunchScreen.storyboard */; };
		08C509C92A5E2C680040E519 /* Pokemon.swift in Sources */ = {isa = PBXBuildFile; fileRef = 08C509C82A5E2C680040E519 /* Pokemon.swift */; };
		08C509CE2A5E2F880040E519 /* APIManager.swift in Sources */ = {isa = PBXBuildFile; fileRef = 08C509CD2A5E2F880040E519 /* APIManager.swift */; };
		08C50A072A5E6DD30040E519 /* PokemonCollectionViewCell.swift in Sources */ = {isa = PBXBuildFile; fileRef = 08C50A052A5E6DD30040E519 /* PokemonCollectionViewCell.swift */; };
		08C50A082A5E6DD30040E519 /* PokemonCollectionViewCell.xib in Resources */ = {isa = PBXBuildFile; fileRef = 08C50A062A5E6DD30040E519 /* PokemonCollectionViewCell.xib */; };
		08E7FFF12A64F74200E2BADC /* CoreModel.xcdatamodeld in Sources */ = {isa = PBXBuildFile; fileRef = 08E7FFEF2A64F74200E2BADC /* CoreModel.xcdatamodeld */; };
		08E7FFF32A65016C00E2BADC /* PokemonLikesTableViewController.swift in Sources */ = {isa = PBXBuildFile; fileRef = 08E7FFF22A65016C00E2BADC /* PokemonLikesTableViewController.swift */; };
		08E7FFF62A65018D00E2BADC /* PokemonLikesTableViewCell.swift in Sources */ = {isa = PBXBuildFile; fileRef = 08E7FFF42A65018D00E2BADC /* PokemonLikesTableViewCell.swift */; };
		08E7FFF72A65018D00E2BADC /* PokemonLikesTableViewCell.xib in Resources */ = {isa = PBXBuildFile; fileRef = 08E7FFF52A65018D00E2BADC /* PokemonLikesTableViewCell.xib */; };
		08E7FFFF2A65335000E2BADC /* Extensions.swift in Sources */ = {isa = PBXBuildFile; fileRef = 08E7FFFE2A65335000E2BADC /* Extensions.swift */; };
		729098F292C4529CDC100EAF /* Pods_PokedexAPI.framework in Frameworks */ = {isa = PBXBuildFile; fileRef = 49F1AC46C08F4125F9319853 /* Pods_PokedexAPI.framework */; };
/* End PBXBuildFile section */

/* Begin PBXFileReference section */
		08AE02CB2A5F822900F4C0E4 /* PokeDetailView.storyboard */ = {isa = PBXFileReference; lastKnownFileType = file.storyboard; path = PokeDetailView.storyboard; sourceTree = "<group>"; };
		08AE02CD2A5F872600F4C0E4 /* PokeDetailViewController.swift */ = {isa = PBXFileReference; lastKnownFileType = sourcecode.swift; path = PokeDetailViewController.swift; sourceTree = "<group>"; };
		08C509AF2A5E2B020040E519 /* PokedexAPI.app */ = {isa = PBXFileReference; explicitFileType = wrapper.application; includeInIndex = 0; path = PokedexAPI.app; sourceTree = BUILT_PRODUCTS_DIR; };
		08C509B22A5E2B020040E519 /* AppDelegate.swift */ = {isa = PBXFileReference; lastKnownFileType = sourcecode.swift; path = AppDelegate.swift; sourceTree = "<group>"; };
		08C509B42A5E2B020040E519 /* SceneDelegate.swift */ = {isa = PBXFileReference; lastKnownFileType = sourcecode.swift; path = SceneDelegate.swift; sourceTree = "<group>"; };
		08C509B62A5E2B020040E519 /* ViewController.swift */ = {isa = PBXFileReference; lastKnownFileType = sourcecode.swift; path = ViewController.swift; sourceTree = "<group>"; };
		08C509B92A5E2B030040E519 /* Base */ = {isa = PBXFileReference; lastKnownFileType = file.storyboard; name = Base; path = Base.lproj/Main.storyboard; sourceTree = "<group>"; };
		08C509BB2A5E2B050040E519 /* Assets.xcassets */ = {isa = PBXFileReference; lastKnownFileType = folder.assetcatalog; path = Assets.xcassets; sourceTree = "<group>"; };
		08C509BE2A5E2B050040E519 /* Base */ = {isa = PBXFileReference; lastKnownFileType = file.storyboard; name = Base; path = Base.lproj/LaunchScreen.storyboard; sourceTree = "<group>"; };
		08C509C02A5E2B050040E519 /* Info.plist */ = {isa = PBXFileReference; lastKnownFileType = text.plist.xml; path = Info.plist; sourceTree = "<group>"; };
		08C509C82A5E2C680040E519 /* Pokemon.swift */ = {isa = PBXFileReference; lastKnownFileType = sourcecode.swift; path = Pokemon.swift; sourceTree = "<group>"; };
		08C509CD2A5E2F880040E519 /* APIManager.swift */ = {isa = PBXFileReference; lastKnownFileType = sourcecode.swift; path = APIManager.swift; sourceTree = "<group>"; };
		08C50A052A5E6DD30040E519 /* PokemonCollectionViewCell.swift */ = {isa = PBXFileReference; lastKnownFileType = sourcecode.swift; path = PokemonCollectionViewCell.swift; sourceTree = "<group>"; };
		08C50A062A5E6DD30040E519 /* PokemonCollectionViewCell.xib */ = {isa = PBXFileReference; lastKnownFileType = file.xib; path = PokemonCollectionViewCell.xib; sourceTree = "<group>"; };
		08E7FFF02A64F74200E2BADC /* CoreModel.xcdatamodel */ = {isa = PBXFileReference; lastKnownFileType = wrapper.xcdatamodel; path = CoreModel.xcdatamodel; sourceTree = "<group>"; };
		08E7FFF22A65016C00E2BADC /* PokemonLikesTableViewController.swift */ = {isa = PBXFileReference; lastKnownFileType = sourcecode.swift; path = PokemonLikesTableViewController.swift; sourceTree = "<group>"; };
		08E7FFF42A65018D00E2BADC /* PokemonLikesTableViewCell.swift */ = {isa = PBXFileReference; lastKnownFileType = sourcecode.swift; path = PokemonLikesTableViewCell.swift; sourceTree = "<group>"; };
		08E7FFF52A65018D00E2BADC /* PokemonLikesTableViewCell.xib */ = {isa = PBXFileReference; lastKnownFileType = file.xib; path = PokemonLikesTableViewCell.xib; sourceTree = "<group>"; };
		08E7FFFE2A65335000E2BADC /* Extensions.swift */ = {isa = PBXFileReference; lastKnownFileType = sourcecode.swift; path = Extensions.swift; sourceTree = "<group>"; };
		49F1AC46C08F4125F9319853 /* Pods_PokedexAPI.framework */ = {isa = PBXFileReference; explicitFileType = wrapper.framework; includeInIndex = 0; path = Pods_PokedexAPI.framework; sourceTree = BUILT_PRODUCTS_DIR; };
		86362C32F765853380D9F673 /* Pods-PokedexAPI.release.xcconfig */ = {isa = PBXFileReference; includeInIndex = 1; lastKnownFileType = text.xcconfig; name = "Pods-PokedexAPI.release.xcconfig"; path = "Target Support Files/Pods-PokedexAPI/Pods-PokedexAPI.release.xcconfig"; sourceTree = "<group>"; };
		C4A8B602E58FBD07194EA82A /* Pods-PokedexAPI.debug.xcconfig */ = {isa = PBXFileReference; includeInIndex = 1; lastKnownFileType = text.xcconfig; name = "Pods-PokedexAPI.debug.xcconfig"; path = "Target Support Files/Pods-PokedexAPI/Pods-PokedexAPI.debug.xcconfig"; sourceTree = "<group>"; };
/* End PBXFileReference section */

/* Begin PBXFrameworksBuildPhase section */
		08C509AC2A5E2B020040E519 /* Frameworks */ = {
			isa = PBXFrameworksBuildPhase;
			buildActionMask = 2147483647;
			files = (
				729098F292C4529CDC100EAF /* Pods_PokedexAPI.framework in Frameworks */,
			);
			runOnlyForDeploymentPostprocessing = 0;
		};
/* End PBXFrameworksBuildPhase section */

/* Begin PBXGroup section */
		08C509A62A5E2B020040E519 = {
			isa = PBXGroup;
			children = (
				08C509B12A5E2B020040E519 /* PokedexAPI */,
				08C509B02A5E2B020040E519 /* Products */,
				DBE83ED65A127E2FE747C495 /* Pods */,
				2AC3012FDC7D26BCF5064206 /* Frameworks */,
			);
			sourceTree = "<group>";
		};
		08C509B02A5E2B020040E519 /* Products */ = {
			isa = PBXGroup;
			children = (
				08C509AF2A5E2B020040E519 /* PokedexAPI.app */,
			);
			name = Products;
			sourceTree = "<group>";
		};
		08C509B12A5E2B020040E519 /* PokedexAPI */ = {
			isa = PBXGroup;
			children = (
				08E7FFFD2A65334200E2BADC /* Extensions */,
				08E7FFFC2A6501FA00E2BADC /* Views */,
				08E7FFFB2A6501E800E2BADC /* Resource */,
				08E7FFFA2A6501C800E2BADC /* ViewControllers */,
				08E7FFF92A6501AE00E2BADC /* PokemonCollectionViewCell */,
				08E7FFF82A65019300E2BADC /* PokemonLikesViewCell */,
				08C509CC2A5E2F710040E519 /* Helpers */,
				08C509C62A5E2C440040E519 /* Model */,
				08C509C02A5E2B050040E519 /* Info.plist */,
				08E7FFEF2A64F74200E2BADC /* CoreModel.xcdatamodeld */,
			);
			path = PokedexAPI;
			sourceTree = "<group>";
		};
		08C509C62A5E2C440040E519 /* Model */ = {
			isa = PBXGroup;
			children = (
				08C509C82A5E2C680040E519 /* Pokemon.swift */,
			);
			path = Model;
			sourceTree = "<group>";
		};
		08C509CC2A5E2F710040E519 /* Helpers */ = {
			isa = PBXGroup;
			children = (
				08C509CD2A5E2F880040E519 /* APIManager.swift */,
			);
			path = Helpers;
			sourceTree = "<group>";
		};
		08E7FFF82A65019300E2BADC /* PokemonLikesViewCell */ = {
			isa = PBXGroup;
			children = (
				08E7FFF42A65018D00E2BADC /* PokemonLikesTableViewCell.swift */,
				08E7FFF52A65018D00E2BADC /* PokemonLikesTableViewCell.xib */,
			);
			path = PokemonLikesViewCell;
			sourceTree = "<group>";
		};
		08E7FFF92A6501AE00E2BADC /* PokemonCollectionViewCell */ = {
			isa = PBXGroup;
			children = (
				08C50A052A5E6DD30040E519 /* PokemonCollectionViewCell.swift */,
				08C50A062A5E6DD30040E519 /* PokemonCollectionViewCell.xib */,
			);
			path = PokemonCollectionViewCell;
			sourceTree = "<group>";
		};
		08E7FFFA2A6501C800E2BADC /* ViewControllers */ = {
			isa = PBXGroup;
			children = (
				08C509B62A5E2B020040E519 /* ViewController.swift */,
				08AE02CD2A5F872600F4C0E4 /* PokeDetailViewController.swift */,
				08E7FFF22A65016C00E2BADC /* PokemonLikesTableViewController.swift */,
			);
			path = ViewControllers;
			sourceTree = "<group>";
		};
		08E7FFFB2A6501E800E2BADC /* Resource */ = {
			isa = PBXGroup;
			children = (
				08C509B22A5E2B020040E519 /* AppDelegate.swift */,
				08C509B42A5E2B020040E519 /* SceneDelegate.swift */,
				08C509BB2A5E2B050040E519 /* Assets.xcassets */,
				08C509BD2A5E2B050040E519 /* LaunchScreen.storyboard */,
			);
			path = Resource;
			sourceTree = "<group>";
		};
		08E7FFFC2A6501FA00E2BADC /* Views */ = {
			isa = PBXGroup;
			children = (
				08C509B82A5E2B030040E519 /* Main.storyboard */,
				08AE02CB2A5F822900F4C0E4 /* PokeDetailView.storyboard */,
			);
			path = Views;
			sourceTree = "<group>";
		};
		08E7FFFD2A65334200E2BADC /* Extensions */ = {
			isa = PBXGroup;
			children = (
				08E7FFFE2A65335000E2BADC /* Extensions.swift */,
			);
			path = Extensions;
			sourceTree = "<group>";
		};
		2AC3012FDC7D26BCF5064206 /* Frameworks */ = {
			isa = PBXGroup;
			children = (
				49F1AC46C08F4125F9319853 /* Pods_PokedexAPI.framework */,
			);
			name = Frameworks;
			sourceTree = "<group>";
		};
		DBE83ED65A127E2FE747C495 /* Pods */ = {
			isa = PBXGroup;
			children = (
				C4A8B602E58FBD07194EA82A /* Pods-PokedexAPI.debug.xcconfig */,
				86362C32F765853380D9F673 /* Pods-PokedexAPI.release.xcconfig */,
			);
			path = Pods;
			sourceTree = "<group>";
		};
/* End PBXGroup section */

/* Begin PBXNativeTarget section */
		08C509AE2A5E2B020040E519 /* PokedexAPI */ = {
			isa = PBXNativeTarget;
			buildConfigurationList = 08C509C32A5E2B050040E519 /* Build configuration list for PBXNativeTarget "PokedexAPI" */;
			buildPhases = (
				766CD35C1D0EE47D2F5B5DD3 /* [CP] Check Pods Manifest.lock */,
				08C509AB2A5E2B020040E519 /* Sources */,
				08C509AC2A5E2B020040E519 /* Frameworks */,
				08C509AD2A5E2B020040E519 /* Resources */,
				DD47DCFBE3BA7B0C0B1489C3 /* [CP] Embed Pods Frameworks */,
			);
			buildRules = (
			);
			dependencies = (
			);
			name = PokedexAPI;
			productName = PokedexAPI;
			productReference = 08C509AF2A5E2B020040E519 /* PokedexAPI.app */;
			productType = "com.apple.product-type.application";
		};
/* End PBXNativeTarget section */

/* Begin PBXProject section */
		08C509A72A5E2B020040E519 /* Project object */ = {
			isa = PBXProject;
			attributes = {
				BuildIndependentTargetsInParallel = 1;
				LastSwiftUpdateCheck = 1430;
				LastUpgradeCheck = 1430;
				TargetAttributes = {
					08C509AE2A5E2B020040E519 = {
						CreatedOnToolsVersion = 14.3.1;
					};
				};
			};
			buildConfigurationList = 08C509AA2A5E2B020040E519 /* Build configuration list for PBXProject "PokedexAPI" */;
			compatibilityVersion = "Xcode 14.0";
			developmentRegion = en;
			hasScannedForEncodings = 0;
			knownRegions = (
				en,
				Base,
			);
			mainGroup = 08C509A62A5E2B020040E519;
			productRefGroup = 08C509B02A5E2B020040E519 /* Products */;
			projectDirPath = "";
			projectRoot = "";
			targets = (
				08C509AE2A5E2B020040E519 /* PokedexAPI */,
			);
		};
/* End PBXProject section */

/* Begin PBXResourcesBuildPhase section */
		08C509AD2A5E2B020040E519 /* Resources */ = {
			isa = PBXResourcesBuildPhase;
			buildActionMask = 2147483647;
			files = (
				08E7FFF72A65018D00E2BADC /* PokemonLikesTableViewCell.xib in Resources */,
				08C509BF2A5E2B050040E519 /* LaunchScreen.storyboard in Resources */,
				08C509BC2A5E2B050040E519 /* Assets.xcassets in Resources */,
				08C50A082A5E6DD30040E519 /* PokemonCollectionViewCell.xib in Resources */,
				08C509BA2A5E2B030040E519 /* Main.storyboard in Resources */,
				08AE02CC2A5F822900F4C0E4 /* PokeDetailView.storyboard in Resources */,
			);
			runOnlyForDeploymentPostprocessing = 0;
		};
/* End PBXResourcesBuildPhase section */

/* Begin PBXShellScriptBuildPhase section */
		766CD35C1D0EE47D2F5B5DD3 /* [CP] Check Pods Manifest.lock */ = {
			isa = PBXShellScriptBuildPhase;
			buildActionMask = 2147483647;
			files = (
			);
			inputFileListPaths = (
			);
			inputPaths = (
				"${PODS_PODFILE_DIR_PATH}/Podfile.lock",
				"${PODS_ROOT}/Manifest.lock",
			);
			name = "[CP] Check Pods Manifest.lock";
			outputFileListPaths = (
			);
			outputPaths = (
				"$(DERIVED_FILE_DIR)/Pods-PokedexAPI-checkManifestLockResult.txt",
			);
			runOnlyForDeploymentPostprocessing = 0;
			shellPath = /bin/sh;
			shellScript = "diff \"${PODS_PODFILE_DIR_PATH}/Podfile.lock\" \"${PODS_ROOT}/Manifest.lock\" > /dev/null\nif [ $? != 0 ] ; then\n    # print error to STDERR\n    echo \"error: The sandbox is not in sync with the Podfile.lock. Run 'pod install' or update your CocoaPods installation.\" >&2\n    exit 1\nfi\n# This output is used by Xcode 'outputs' to avoid re-running this script phase.\necho \"SUCCESS\" > \"${SCRIPT_OUTPUT_FILE_0}\"\n";
			showEnvVarsInLog = 0;
		};
		DD47DCFBE3BA7B0C0B1489C3 /* [CP] Embed Pods Frameworks */ = {
			isa = PBXShellScriptBuildPhase;
			buildActionMask = 2147483647;
			files = (
			);
			inputFileListPaths = (
				"${PODS_ROOT}/Target Support Files/Pods-PokedexAPI/Pods-PokedexAPI-frameworks-${CONFIGURATION}-input-files.xcfilelist",
			);
			name = "[CP] Embed Pods Frameworks";
			outputFileListPaths = (
				"${PODS_ROOT}/Target Support Files/Pods-PokedexAPI/Pods-PokedexAPI-frameworks-${CONFIGURATION}-output-files.xcfilelist",
			);
			runOnlyForDeploymentPostprocessing = 0;
			shellPath = /bin/sh;
			shellScript = "\"${PODS_ROOT}/Target Support Files/Pods-PokedexAPI/Pods-PokedexAPI-frameworks.sh\"\n";
			showEnvVarsInLog = 0;
		};
/* End PBXShellScriptBuildPhase section */

/* Begin PBXSourcesBuildPhase section */
		08C509AB2A5E2B020040E519 /* Sources */ = {
			isa = PBXSourcesBuildPhase;
			buildActionMask = 2147483647;
			files = (
				08E7FFF32A65016C00E2BADC /* PokemonLikesTableViewController.swift in Sources */,
				08E7FFF12A64F74200E2BADC /* CoreModel.xcdatamodeld in Sources */,
				08E7FFF62A65018D00E2BADC /* PokemonLikesTableViewCell.swift in Sources */,
				08C509CE2A5E2F880040E519 /* APIManager.swift in Sources */,
				08C509B72A5E2B020040E519 /* ViewController.swift in Sources */,
				08AE02CE2A5F872700F4C0E4 /* PokeDetailViewController.swift in Sources */,
				08C509C92A5E2C680040E519 /* Pokemon.swift in Sources */,
				08C509B32A5E2B020040E519 /* AppDelegate.swift in Sources */,
				08C50A072A5E6DD30040E519 /* PokemonCollectionViewCell.swift in Sources */,
				08E7FFFF2A65335000E2BADC /* Extensions.swift in Sources */,
				08C509B52A5E2B020040E519 /* SceneDelegate.swift in Sources */,
			);
			runOnlyForDeploymentPostprocessing = 0;
		};
/* End PBXSourcesBuildPhase section */

/* Begin PBXVariantGroup section */
		08C509B82A5E2B030040E519 /* Main.storyboard */ = {
			isa = PBXVariantGroup;
			children = (
				08C509B92A5E2B030040E519 /* Base */,
			);
			name = Main.storyboard;
			sourceTree = "<group>";
		};
		08C509BD2A5E2B050040E519 /* LaunchScreen.storyboard */ = {
			isa = PBXVariantGroup;
			children = (
				08C509BE2A5E2B050040E519 /* Base */,
			);
			name = LaunchScreen.storyboard;
			sourceTree = "<group>";
		};
/* End PBXVariantGroup section */

/* Begin XCBuildConfiguration section */
		08C509C12A5E2B050040E519 /* Debug */ = {
			isa = XCBuildConfiguration;
			buildSettings = {
				ALWAYS_SEARCH_USER_PATHS = NO;
				CLANG_ANALYZER_NONNULL = YES;
				CLANG_ANALYZER_NUMBER_OBJECT_CONVERSION = YES_AGGRESSIVE;
				CLANG_CXX_LANGUAGE_STANDARD = "gnu++20";
				CLANG_ENABLE_MODULES = YES;
				CLANG_ENABLE_OBJC_ARC = YES;
				CLANG_ENABLE_OBJC_WEAK = YES;
				CLANG_WARN_BLOCK_CAPTURE_AUTORELEASING = YES;
				CLANG_WARN_BOOL_CONVERSION = YES;
				CLANG_WARN_COMMA = YES;
				CLANG_WARN_CONSTANT_CONVERSION = YES;
				CLANG_WARN_DEPRECATED_OBJC_IMPLEMENTATIONS = YES;
				CLANG_WARN_DIRECT_OBJC_ISA_USAGE = YES_ERROR;
				CLANG_WARN_DOCUMENTATION_COMMENTS = YES;
				CLANG_WARN_EMPTY_BODY = YES;
				CLANG_WARN_ENUM_CONVERSION = YES;
				CLANG_WARN_INFINITE_RECURSION = YES;
				CLANG_WARN_INT_CONVERSION = YES;
				CLANG_WARN_NON_LITERAL_NULL_CONVERSION = YES;
				CLANG_WARN_OBJC_IMPLICIT_RETAIN_SELF = YES;
				CLANG_WARN_OBJC_LITERAL_CONVERSION = YES;
				CLANG_WARN_OBJC_ROOT_CLASS = YES_ERROR;
				CLANG_WARN_QUOTED_INCLUDE_IN_FRAMEWORK_HEADER = YES;
				CLANG_WARN_RANGE_LOOP_ANALYSIS = YES;
				CLANG_WARN_STRICT_PROTOTYPES = YES;
				CLANG_WARN_SUSPICIOUS_MOVE = YES;
				CLANG_WARN_UNGUARDED_AVAILABILITY = YES_AGGRESSIVE;
				CLANG_WARN_UNREACHABLE_CODE = YES;
				CLANG_WARN__DUPLICATE_METHOD_MATCH = YES;
				COPY_PHASE_STRIP = NO;
				DEBUG_INFORMATION_FORMAT = dwarf;
				ENABLE_STRICT_OBJC_MSGSEND = YES;
				ENABLE_TESTABILITY = YES;
				GCC_C_LANGUAGE_STANDARD = gnu11;
				GCC_DYNAMIC_NO_PIC = NO;
				GCC_NO_COMMON_BLOCKS = YES;
				GCC_OPTIMIZATION_LEVEL = 0;
				GCC_PREPROCESSOR_DEFINITIONS = (
					"DEBUG=1",
					"$(inherited)",
				);
				GCC_WARN_64_TO_32_BIT_CONVERSION = YES;
				GCC_WARN_ABOUT_RETURN_TYPE = YES_ERROR;
				GCC_WARN_UNDECLARED_SELECTOR = YES;
				GCC_WARN_UNINITIALIZED_AUTOS = YES_AGGRESSIVE;
				GCC_WARN_UNUSED_FUNCTION = YES;
				GCC_WARN_UNUSED_VARIABLE = YES;
				IPHONEOS_DEPLOYMENT_TARGET = 16.4;
				MTL_ENABLE_DEBUG_INFO = INCLUDE_SOURCE;
				MTL_FAST_MATH = YES;
				ONLY_ACTIVE_ARCH = YES;
				SDKROOT = iphoneos;
				SWIFT_ACTIVE_COMPILATION_CONDITIONS = DEBUG;
				SWIFT_OPTIMIZATION_LEVEL = "-Onone";
			};
			name = Debug;
		};
		08C509C22A5E2B050040E519 /* Release */ = {
			isa = XCBuildConfiguration;
			buildSettings = {
				ALWAYS_SEARCH_USER_PATHS = NO;
				CLANG_ANALYZER_NONNULL = YES;
				CLANG_ANALYZER_NUMBER_OBJECT_CONVERSION = YES_AGGRESSIVE;
				CLANG_CXX_LANGUAGE_STANDARD = "gnu++20";
				CLANG_ENABLE_MODULES = YES;
				CLANG_ENABLE_OBJC_ARC = YES;
				CLANG_ENABLE_OBJC_WEAK = YES;
				CLANG_WARN_BLOCK_CAPTURE_AUTORELEASING = YES;
				CLANG_WARN_BOOL_CONVERSION = YES;
				CLANG_WARN_COMMA = YES;
				CLANG_WARN_CONSTANT_CONVERSION = YES;
				CLANG_WARN_DEPRECATED_OBJC_IMPLEMENTATIONS = YES;
				CLANG_WARN_DIRECT_OBJC_ISA_USAGE = YES_ERROR;
				CLANG_WARN_DOCUMENTATION_COMMENTS = YES;
				CLANG_WARN_EMPTY_BODY = YES;
				CLANG_WARN_ENUM_CONVERSION = YES;
				CLANG_WARN_INFINITE_RECURSION = YES;
				CLANG_WARN_INT_CONVERSION = YES;
				CLANG_WARN_NON_LITERAL_NULL_CONVERSION = YES;
				CLANG_WARN_OBJC_IMPLICIT_RETAIN_SELF = YES;
				CLANG_WARN_OBJC_LITERAL_CONVERSION = YES;
				CLANG_WARN_OBJC_ROOT_CLASS = YES_ERROR;
				CLANG_WARN_QUOTED_INCLUDE_IN_FRAMEWORK_HEADER = YES;
				CLANG_WARN_RANGE_LOOP_ANALYSIS = YES;
				CLANG_WARN_STRICT_PROTOTYPES = YES;
				CLANG_WARN_SUSPICIOUS_MOVE = YES;
				CLANG_WARN_UNGUARDED_AVAILABILITY = YES_AGGRESSIVE;
				CLANG_WARN_UNREACHABLE_CODE = YES;
				CLANG_WARN__DUPLICATE_METHOD_MATCH = YES;
				COPY_PHASE_STRIP = NO;
				DEBUG_INFORMATION_FORMAT = "dwarf-with-dsym";
				ENABLE_NS_ASSERTIONS = NO;
				ENABLE_STRICT_OBJC_MSGSEND = YES;
				GCC_C_LANGUAGE_STANDARD = gnu11;
				GCC_NO_COMMON_BLOCKS = YES;
				GCC_WARN_64_TO_32_BIT_CONVERSION = YES;
				GCC_WARN_ABOUT_RETURN_TYPE = YES_ERROR;
				GCC_WARN_UNDECLARED_SELECTOR = YES;
				GCC_WARN_UNINITIALIZED_AUTOS = YES_AGGRESSIVE;
				GCC_WARN_UNUSED_FUNCTION = YES;
				GCC_WARN_UNUSED_VARIABLE = YES;
				IPHONEOS_DEPLOYMENT_TARGET = 16.4;
				MTL_ENABLE_DEBUG_INFO = NO;
				MTL_FAST_MATH = YES;
				SDKROOT = iphoneos;
				SWIFT_COMPILATION_MODE = wholemodule;
				SWIFT_OPTIMIZATION_LEVEL = "-O";
				VALIDATE_PRODUCT = YES;
			};
			name = Release;
		};
		08C509C42A5E2B050040E519 /* Debug */ = {
			isa = XCBuildConfiguration;
			baseConfigurationReference = C4A8B602E58FBD07194EA82A /* Pods-PokedexAPI.debug.xcconfig */;
			buildSettings = {
				ASSETCATALOG_COMPILER_APPICON_NAME = AppIcon;
				ASSETCATALOG_COMPILER_GLOBAL_ACCENT_COLOR_NAME = AccentColor;
				CODE_SIGN_STYLE = Automatic;
				CURRENT_PROJECT_VERSION = 1;
				DEVELOPMENT_TEAM = P8794RMH4C;
				GENERATE_INFOPLIST_FILE = YES;
				INFOPLIST_FILE = PokedexAPI/Info.plist;
				INFOPLIST_KEY_UIApplicationSupportsIndirectInputEvents = YES;
				INFOPLIST_KEY_UILaunchStoryboardName = LaunchScreen;
				INFOPLIST_KEY_UIMainStoryboardFile = Main;
				INFOPLIST_KEY_UISupportedInterfaceOrientations_iPad = "UIInterfaceOrientationPortrait UIInterfaceOrientationPortraitUpsideDown UIInterfaceOrientationLandscapeLeft UIInterfaceOrientationLandscapeRight";
				INFOPLIST_KEY_UISupportedInterfaceOrientations_iPhone = "UIInterfaceOrientationPortrait UIInterfaceOrientationLandscapeLeft UIInterfaceOrientationLandscapeRight";
				LD_RUNPATH_SEARCH_PATHS = (
					"$(inherited)",
					"@executable_path/Frameworks",
				);
				MARKETING_VERSION = 1.0;
				PRODUCT_BUNDLE_IDENTIFIER = com.pututyb.PokedexAPI;
				PRODUCT_NAME = "$(TARGET_NAME)";
				SWIFT_EMIT_LOC_STRINGS = YES;
				SWIFT_VERSION = 5.0;
				TARGETED_DEVICE_FAMILY = "1,2";
			};
			name = Debug;
		};
		08C509C52A5E2B050040E519 /* Release */ = {
			isa = XCBuildConfiguration;
			baseConfigurationReference = 86362C32F765853380D9F673 /* Pods-PokedexAPI.release.xcconfig */;
			buildSettings = {
				ASSETCATALOG_COMPILER_APPICON_NAME = AppIcon;
				ASSETCATALOG_COMPILER_GLOBAL_ACCENT_COLOR_NAME = AccentColor;
				CODE_SIGN_STYLE = Automatic;
				CURRENT_PROJECT_VERSION = 1;
				DEVELOPMENT_TEAM = P8794RMH4C;
				GENERATE_INFOPLIST_FILE = YES;
				INFOPLIST_FILE = PokedexAPI/Info.plist;
				INFOPLIST_KEY_UIApplicationSupportsIndirectInputEvents = YES;
				INFOPLIST_KEY_UILaunchStoryboardName = LaunchScreen;
				INFOPLIST_KEY_UIMainStoryboardFile = Main;
				INFOPLIST_KEY_UISupportedInterfaceOrientations_iPad = "UIInterfaceOrientationPortrait UIInterfaceOrientationPortraitUpsideDown UIInterfaceOrientationLandscapeLeft UIInterfaceOrientationLandscapeRight";
				INFOPLIST_KEY_UISupportedInterfaceOrientations_iPhone = "UIInterfaceOrientationPortrait UIInterfaceOrientationLandscapeLeft UIInterfaceOrientationLandscapeRight";
				LD_RUNPATH_SEARCH_PATHS = (
					"$(inherited)",
					"@executable_path/Frameworks",
				);
				MARKETING_VERSION = 1.0;
				PRODUCT_BUNDLE_IDENTIFIER = com.pututyb.PokedexAPI;
				PRODUCT_NAME = "$(TARGET_NAME)";
				SWIFT_EMIT_LOC_STRINGS = YES;
				SWIFT_VERSION = 5.0;
				TARGETED_DEVICE_FAMILY = "1,2";
			};
			name = Release;
		};
/* End XCBuildConfiguration section */

/* Begin XCConfigurationList section */
		08C509AA2A5E2B020040E519 /* Build configuration list for PBXProject "PokedexAPI" */ = {
			isa = XCConfigurationList;
			buildConfigurations = (
				08C509C12A5E2B050040E519 /* Debug */,
				08C509C22A5E2B050040E519 /* Release */,
			);
			defaultConfigurationIsVisible = 0;
			defaultConfigurationName = Release;
		};
		08C509C32A5E2B050040E519 /* Build configuration list for PBXNativeTarget "PokedexAPI" */ = {
			isa = XCConfigurationList;
			buildConfigurations = (
				08C509C42A5E2B050040E519 /* Debug */,
				08C509C52A5E2B050040E519 /* Release */,
			);
			defaultConfigurationIsVisible = 0;
			defaultConfigurationName = Release;
		};
/* End XCConfigurationList section */

/* Begin XCVersionGroup section */
		08E7FFEF2A64F74200E2BADC /* CoreModel.xcdatamodeld */ = {
			isa = XCVersionGroup;
			children = (
				08E7FFF02A64F74200E2BADC /* CoreModel.xcdatamodel */,
			);
			currentVersion = 08E7FFF02A64F74200E2BADC /* CoreModel.xcdatamodel */;
			path = CoreModel.xcdatamodeld;
			sourceTree = "<group>";
			versionGroupType = wrapper.xcdatamodel;
		};
/* End XCVersionGroup section */
	};
	rootObject = 08C509A72A5E2B020040E519 /* Project object */;
}
